{
  "lockfileVersion": 1,
  "workspaces": {
    "": {
      "dependencies": {
        "ccusage": "^15.9.3",
      },
    },
  },
  "packages": {
    "ccusage": ["ccusage@15.9.3", "", { "bin": { "ccusage": "dist/index.js" } }, "sha512-sNioHFlNUlwKgw79JSU4pFpIwLrUSx4Ot7mju+KDZuseD7o++2URoqeqQ0HIa3+8BErTtVJBLEGf9436Qrf+tw=="],
  }
}
